
Microsoft Visual Studio Solution File, Format Version 12.00
# Visual Studio Version 16
VisualStudioVersion = 16.0.32228.343
MinimumVisualStudioVersion = 10.0.40219.1
Project("{FAE04EC0-301F-11D3-BF4B-00C04F79EFBC}") = "ContosoCrafts.Website", "ContosoCrafts.Website\ContosoCrafts.Website.csproj", "{B0475294-2A16-4C3C-A2AD-11A0A2DF32EC}"
EndProject
Global
	GlobalSection(SolutionConfigurationPlatforms) = preSolution
		Debug|Any CPU = Debug|Any CPU
		Release|Any CPU = Release|Any CPU
	EndGlobalSection
	GlobalSection(ProjectConfigurationPlatforms) = postSolution
		{B0475294-2A16-4C3C-A2AD-11A0A2DF32EC}.Debug|Any CPU.ActiveCfg = Debug|Any CPU
		{B0475294-2A16-4C3C-A2AD-11A0A2DF32EC}.Debug|Any CPU.Build.0 = Debug|Any CPU
		{B0475294-2A16-4C3C-A2AD-11A0A2DF32EC}.Release|Any CPU.ActiveCfg = Release|Any CPU
		{B0475294-2A16-4C3C-A2AD-11A0A2DF32EC}.Release|Any CPU.Build.0 = Release|Any CPU
	EndGlobalSection
	GlobalSection(SolutionProperties) = preSolution
		HideSolutionNode = FALSE
	EndGlobalSection
	GlobalSection(ExtensibilityGlobals) = postSolution
		SolutionGuid = {B417CE65-00BF-4391-A99D-05FE4EFB620D}
	EndGlobalSection
EndGlobal
